
Microsoft Visual Studio Solution File, Format Version 12.00
# Visual Studio 15
VisualStudioVersion = 15.0.27004.2005
MinimumVisualStudioVersion = 10.0.40219.1
Project("{FAE04EC0-301F-11D3-BF4B-00C04F79EFBC}") = "SabloaneDeProiectare", "SabloaneDeProiectare\SabloaneDeProiectare.csproj", "{5BFB3CE9-EBE8-426B-810C-F5B895E7610B}"
EndProject
Global
	GlobalSection(SolutionConfigurationPlatforms) = preSolution
		Debug|Any CPU = Debug|Any CPU
		Release|Any CPU = Release|Any CPU
	EndGlobalSection
	GlobalSection(ProjectConfigurationPlatforms) = postSolution
		{5BFB3CE9-EBE8-426B-810C-F5B895E7610B}.Debug|Any CPU.ActiveCfg = Debug|Any CPU
		{5BFB3CE9-EBE8-426B-810C-F5B895E7610B}.Debug|Any CPU.Build.0 = Debug|Any CPU
		{5BFB3CE9-EBE8-426B-810C-F5B895E7610B}.Release|Any CPU.ActiveCfg = Release|Any CPU
		{5BFB3CE9-EBE8-426B-810C-F5B895E7610B}.Release|Any CPU.Build.0 = Release|Any CPU
	EndGlobalSection
	GlobalSection(SolutionProperties) = preSolution
		HideSolutionNode = FALSE
	EndGlobalSection
	GlobalSection(ExtensibilityGlobals) = postSolution
		SolutionGuid = {D29DC2A8-D1F1-4D82-B4A4-FAA9A3B7B741}
	EndGlobalSection
EndGlobal
